
Microsoft Visual Studio Solution File, Format Version 12.00
# Visual Studio Version 16
VisualStudioVersion = 16.0.31019.35
MinimumVisualStudioVersion = 10.0.40219.1
Project("{FAE04EC0-301F-11D3-BF4B-00C04F79EFBC}") = "CSharpNuGetProject", "CSharpNuGetProject\CSharpNuGetProject.csproj", "{7446E131-286D-4F05-AA55-BB14E0D826C4}"
EndProject
Global
	GlobalSection(SolutionConfigurationPlatforms) = preSolution
		Debug|Any CPU = Debug|Any CPU
		Release|Any CPU = Release|Any CPU
	EndGlobalSection
	GlobalSection(ProjectConfigurationPlatforms) = postSolution
		{7446E131-286D-4F05-AA55-BB14E0D826C4}.Debug|Any CPU.ActiveCfg = Debug|Any CPU
		{7446E131-286D-4F05-AA55-BB14E0D826C4}.Debug|Any CPU.Build.0 = Debug|Any CPU
		{7446E131-286D-4F05-AA55-BB14E0D826C4}.Release|Any CPU.ActiveCfg = Release|Any CPU
		{7446E131-286D-4F05-AA55-BB14E0D826C4}.Release|Any CPU.Build.0 = Release|Any CPU
	EndGlobalSection
	GlobalSection(SolutionProperties) = preSolution
		HideSolutionNode = FALSE
	EndGlobalSection
	GlobalSection(ExtensibilityGlobals) = postSolution
		SolutionGuid = {1EB23E15-E49A-49CF-9AC7-9E87132BE8E4}
	EndGlobalSection
EndGlobal
